
Microsoft Visual Studio Solution File, Format Version 12.00
#
Project("{FAE04EC0-301F-11D3-BF4B-00C04F79EFBC}") = "UserService", "UserService\UserService.csproj", "{9C264BC6-2B2F-4721-B92F-D1B49CD15031}"
EndProject
Project("{FAE04EC0-301F-11D3-BF4B-00C04F79EFBC}") = "Monitoring", "Monitoring\Monitoring.csproj", "{C1684427-1CCC-497F-808A-2964132A60C5}"
EndProject
Project("{FAE04EC0-301F-11D3-BF4B-00C04F79EFBC}") = "TweetService", "TweetService\TweetService.csproj", "{87D9D4AB-B148-4FC6-9C5A-1B3DDAE7DDC5}"
EndProject
Project("{FAE04EC0-301F-11D3-BF4B-00C04F79EFBC}") = "SharedMessages", "SharedMessages\SharedMessages.csproj", "{08A5D564-A118-4BCF-8B95-D8234CB23F62}"
EndProject
Project("{FAE04EC0-301F-11D3-BF4B-00C04F79EFBC}") = "TweetService.Test", "TweetService.Test\TweetService.Test.csproj", "{FA007E04-F3C9-49F7-BA32-5EAEE8CFB1CD}"
EndProject
Project("{FAE04EC0-301F-11D3-BF4B-00C04F79EFBC}") = "Gateway", "Gateway\Gateway.csproj", "{4D378046-C640-4B5A-91B1-8EE4FF35426B}"
EndProject
Global
	GlobalSection(SolutionConfigurationPlatforms) = preSolution
		Debug|Any CPU = Debug|Any CPU
		Release|Any CPU = Release|Any CPU
	EndGlobalSection
	GlobalSection(ProjectConfigurationPlatforms) = postSolution
		{9C264BC6-2B2F-4721-B92F-D1B49CD15031}.Debug|Any CPU.ActiveCfg = Debug|Any CPU
		{9C264BC6-2B2F-4721-B92F-D1B49CD15031}.Debug|Any CPU.Build.0 = Debug|Any CPU
		{9C264BC6-2B2F-4721-B92F-D1B49CD15031}.Release|Any CPU.ActiveCfg = Release|Any CPU
		{9C264BC6-2B2F-4721-B92F-D1B49CD15031}.Release|Any CPU.Build.0 = Release|Any CPU
		{C1684427-1CCC-497F-808A-2964132A60C5}.Debug|Any CPU.ActiveCfg = Debug|Any CPU
		{C1684427-1CCC-497F-808A-2964132A60C5}.Debug|Any CPU.Build.0 = Debug|Any CPU
		{C1684427-1CCC-497F-808A-2964132A60C5}.Release|Any CPU.ActiveCfg = Release|Any CPU
		{C1684427-1CCC-497F-808A-2964132A60C5}.Release|Any CPU.Build.0 = Release|Any CPU
		{87D9D4AB-B148-4FC6-9C5A-1B3DDAE7DDC5}.Debug|Any CPU.ActiveCfg = Debug|Any CPU
		{87D9D4AB-B148-4FC6-9C5A-1B3DDAE7DDC5}.Debug|Any CPU.Build.0 = Debug|Any CPU
		{87D9D4AB-B148-4FC6-9C5A-1B3DDAE7DDC5}.Release|Any CPU.ActiveCfg = Release|Any CPU
		{87D9D4AB-B148-4FC6-9C5A-1B3DDAE7DDC5}.Release|Any CPU.Build.0 = Release|Any CPU
		{08A5D564-A118-4BCF-8B95-D8234CB23F62}.Debug|Any CPU.ActiveCfg = Debug|Any CPU
		{08A5D564-A118-4BCF-8B95-D8234CB23F62}.Debug|Any CPU.Build.0 = Debug|Any CPU
		{08A5D564-A118-4BCF-8B95-D8234CB23F62}.Release|Any CPU.ActiveCfg = Release|Any CPU
		{08A5D564-A118-4BCF-8B95-D8234CB23F62}.Release|Any CPU.Build.0 = Release|Any CPU
		{FA007E04-F3C9-49F7-BA32-5EAEE8CFB1CD}.Debug|Any CPU.ActiveCfg = Debug|Any CPU
		{FA007E04-F3C9-49F7-BA32-5EAEE8CFB1CD}.Debug|Any CPU.Build.0 = Debug|Any CPU
		{FA007E04-F3C9-49F7-BA32-5EAEE8CFB1CD}.Release|Any CPU.ActiveCfg = Release|Any CPU
		{FA007E04-F3C9-49F7-BA32-5EAEE8CFB1CD}.Release|Any CPU.Build.0 = Release|Any CPU
		{4D378046-C640-4B5A-91B1-8EE4FF35426B}.Debug|Any CPU.ActiveCfg = Debug|Any CPU
		{4D378046-C640-4B5A-91B1-8EE4FF35426B}.Debug|Any CPU.Build.0 = Debug|Any CPU
		{4D378046-C640-4B5A-91B1-8EE4FF35426B}.Release|Any CPU.ActiveCfg = Release|Any CPU
		{4D378046-C640-4B5A-91B1-8EE4FF35426B}.Release|Any CPU.Build.0 = Release|Any CPU
	EndGlobalSection
EndGlobal
